// !$*UTF8*$!
{
	archiveVersion = 1;
	classes = {
	};
	objectVersion = 50;
	objects = {

/* Begin PBXBuildFile section */
		022C71B451DC4A2A5D899E39 /* libPods-JenkinsDemo.a in Frameworks */ = {isa = PBXBuildFile; fileRef = 13B24FBCB7ED9A8EF7EE57BC /* libPods-JenkinsDemo.a */; };
		0ABB762926D5E47D00B3B6FD /* AppDelegate.m in Sources */ = {isa = PBXBuildFile; fileRef = 0ABB762826D5E47D00B3B6FD /* AppDelegate.m */; };
		0ABB762C26D5E47D00B3B6FD /* SceneDelegate.m in Sources */ = {isa = PBXBuildFile; fileRef = 0ABB762B26D5E47D00B3B6FD /* SceneDelegate.m */; };
		0ABB762F26D5E47D00B3B6FD /* ViewController.m in Sources */ = {isa = PBXBuildFile; fileRef = 0ABB762E26D5E47D00B3B6FD /* ViewController.m */; };
		0ABB763226D5E47D00B3B6FD /* Main.storyboard in Resources */ = {isa = PBXBuildFile; fileRef = 0ABB763026D5E47D00B3B6FD /* Main.storyboard */; };
		0ABB763426D5E47F00B3B6FD /* Assets.xcassets in Resources */ = {isa = PBXBuildFile; fileRef = 0ABB763326D5E47F00B3B6FD /* Assets.xcassets */; };
		0ABB763726D5E47F00B3B6FD /* LaunchScreen.storyboard in Resources */ = {isa = PBXBuildFile; fileRef = 0ABB763526D5E47F00B3B6FD /* LaunchScreen.storyboard */; };
		0ABB763A26D5E47F00B3B6FD /* main.m in Sources */ = {isa = PBXBuildFile; fileRef = 0ABB763926D5E47F00B3B6FD /* main.m */; };
/* End PBXBuildFile section */

/* Begin PBXFileReference section */
		0ABB762426D5E47D00B3B6FD /* JenkinsDemo.app */ = {isa = PBXFileReference; explicitFileType = wrapper.application; includeInIndex = 0; path = JenkinsDemo.app; sourceTree = BUILT_PRODUCTS_DIR; };
		0ABB762726D5E47D00B3B6FD /* AppDelegate.h */ = {isa = PBXFileReference; lastKnownFileType = sourcecode.c.h; path = AppDelegate.h; sourceTree = "<group>"; };
		0ABB762826D5E47D00B3B6FD /* AppDelegate.m */ = {isa = PBXFileReference; lastKnownFileType = sourcecode.c.objc; path = AppDelegate.m; sourceTree = "<group>"; };
		0ABB762A26D5E47D00B3B6FD /* SceneDelegate.h */ = {isa = PBXFileReference; lastKnownFileType = sourcecode.c.h; path = SceneDelegate.h; sourceTree = "<group>"; };
		0ABB762B26D5E47D00B3B6FD /* SceneDelegate.m */ = {isa = PBXFileReference; lastKnownFileType = sourcecode.c.objc; path = SceneDelegate.m; sourceTree = "<group>"; };
		0ABB762D26D5E47D00B3B6FD /* ViewController.h */ = {isa = PBXFileReference; lastKnownFileType = sourcecode.c.h; path = ViewController.h; sourceTree = "<group>"; };
		0ABB762E26D5E47D00B3B6FD /* ViewController.m */ = {isa = PBXFileReference; lastKnownFileType = sourcecode.c.objc; path = ViewController.m; sourceTree = "<group>"; };
		0ABB763126D5E47D00B3B6FD /* Base */ = {isa = PBXFileReference; lastKnownFileType = file.storyboard; name = Base; path = Base.lproj/Main.storyboard; sourceTree = "<group>"; };
		0ABB763326D5E47F00B3B6FD /* Assets.xcassets */ = {isa = PBXFileReference; lastKnownFileType = folder.assetcatalog; path = Assets.xcassets; sourceTree = "<group>"; };
		0ABB763626D5E47F00B3B6FD /* Base */ = {isa = PBXFileReference; lastKnownFileType = file.storyboard; name = Base; path = Base.lproj/LaunchScreen.storyboard; sourceTree = "<group>"; };
		0ABB763826D5E47F00B3B6FD /* Info.plist */ = {isa = PBXFileReference; lastKnownFileType = text.plist.xml; path = Info.plist; sourceTree = "<group>"; };
		0ABB763926D5E47F00B3B6FD /* main.m */ = {isa = PBXFileReference; lastKnownFileType = sourcecode.c.objc; path = main.m; sourceTree = "<group>"; };
		13B24FBCB7ED9A8EF7EE57BC /* libPods-JenkinsDemo.a */ = {isa = PBXFileReference; explicitFileType = archive.ar; includeInIndex = 0; path = "libPods-JenkinsDemo.a"; sourceTree = BUILT_PRODUCTS_DIR; };
		20DCEABEC5A9ACAEA818506C /* Pods-JenkinsDemo.release.xcconfig */ = {isa = PBXFileReference; includeInIndex = 1; lastKnownFileType = text.xcconfig; name = "Pods-JenkinsDemo.release.xcconfig"; path = "Target Support Files/Pods-JenkinsDemo/Pods-JenkinsDemo.release.xcconfig"; sourceTree = "<group>"; };
		557CD7D8714D30B89C92A0CD /* Pods-JenkinsDemo.debug.xcconfig */ = {isa = PBXFileReference; includeInIndex = 1; lastKnownFileType = text.xcconfig; name = "Pods-JenkinsDemo.debug.xcconfig"; path = "Target Support Files/Pods-JenkinsDemo/Pods-JenkinsDemo.debug.xcconfig"; sourceTree = "<group>"; };
/* End PBXFileReference section */

/* Begin PBXFrameworksBuildPhase section */
		0ABB762126D5E47D00B3B6FD /* Frameworks */ = {
			isa = PBXFrameworksBuildPhase;
			buildActionMask = 2147483647;
			files = (
				022C71B451DC4A2A5D899E39 /* libPods-JenkinsDemo.a in Frameworks */,
			);
			runOnlyForDeploymentPostprocessing = 0;
		};
/* End PBXFrameworksBuildPhase section */

/* Begin PBXGroup section */
		0ABB761B26D5E47D00B3B6FD = {
			isa = PBXGroup;
			children = (
				0ABB762626D5E47D00B3B6FD /* JenkinsDemo */,
				0ABB762526D5E47D00B3B6FD /* Products */,
				44D1D91EEF521976A775338F /* Pods */,
				DA5ACAEAC39D2C13D2B6601A /* Frameworks */,
			);
			sourceTree = "<group>";
		};
		0ABB762526D5E47D00B3B6FD /* Products */ = {
			isa = PBXGroup;
			children = (
				0ABB762426D5E47D00B3B6FD /* JenkinsDemo.app */,
			);
			name = Products;
			sourceTree = "<group>";
		};
		0ABB762626D5E47D00B3B6FD /* JenkinsDemo */ = {
			isa = PBXGroup;
			children = (
				0ABB762726D5E47D00B3B6FD /* AppDelegate.h */,
				0ABB762826D5E47D00B3B6FD /* AppDelegate.m */,
				0ABB762A26D5E47D00B3B6FD /* SceneDelegate.h */,
				0ABB762B26D5E47D00B3B6FD /* SceneDelegate.m */,
				0ABB762D26D5E47D00B3B6FD /* ViewController.h */,
				0ABB762E26D5E47D00B3B6FD /* ViewController.m */,
				0ABB763026D5E47D00B3B6FD /* Main.storyboard */,
				0ABB763326D5E47F00B3B6FD /* Assets.xcassets */,
				0ABB763526D5E47F00B3B6FD /* LaunchScreen.storyboard */,
				0ABB763826D5E47F00B3B6FD /* Info.plist */,
				0ABB763926D5E47F00B3B6FD /* main.m */,
			);
			path = JenkinsDemo;
			sourceTree = "<group>";
		};
		44D1D91EEF521976A775338F /* Pods */ = {
			isa = PBXGroup;
			children = (
				557CD7D8714D30B89C92A0CD /* Pods-JenkinsDemo.debug.xcconfig */,
				20DCEABEC5A9ACAEA818506C /* Pods-JenkinsDemo.release.xcconfig */,
			);
			name = Pods;
			path = Pods;
			sourceTree = "<group>";
		};
		DA5ACAEAC39D2C13D2B6601A /* Frameworks */ = {
			isa = PBXGroup;
			children = (
				13B24FBCB7ED9A8EF7EE57BC /* libPods-JenkinsDemo.a */,
			);
			name = Frameworks;
			sourceTree = "<group>";
		};
/* End PBXGroup section */

/* Begin PBXNativeTarget section */
		0ABB762326D5E47D00B3B6FD /* JenkinsDemo */ = {
			isa = PBXNativeTarget;
			buildConfigurationList = 0ABB763D26D5E47F00B3B6FD /* Build configuration list for PBXNativeTarget "JenkinsDemo" */;
			buildPhases = (
				79007611EFAC15DFC98BF5E0 /* [CP] Check Pods Manifest.lock */,
				0ABB762026D5E47D00B3B6FD /* Sources */,
				0ABB762126D5E47D00B3B6FD /* Frameworks */,
				0ABB762226D5E47D00B3B6FD /* Resources */,
			);
			buildRules = (
			);
			dependencies = (
			);
			name = JenkinsDemo;
			productName = JenkinsDemo;
			productReference = 0ABB762426D5E47D00B3B6FD /* JenkinsDemo.app */;
			productType = "com.apple.product-type.application";
		};
/* End PBXNativeTarget section */

/* Begin PBXProject section */
		0ABB761C26D5E47D00B3B6FD /* Project object */ = {
			isa = PBXProject;
			attributes = {
				LastUpgradeCheck = 1240;
				TargetAttributes = {
					0ABB762326D5E47D00B3B6FD = {
						CreatedOnToolsVersion = 12.4;
					};
				};
			};
			buildConfigurationList = 0ABB761F26D5E47D00B3B6FD /* Build configuration list for PBXProject "JenkinsDemo" */;
			compatibilityVersion = "Xcode 9.3";
			developmentRegion = en;
			hasScannedForEncodings = 0;
			knownRegions = (
				en,
				Base,
			);
			mainGroup = 0ABB761B26D5E47D00B3B6FD;
			productRefGroup = 0ABB762526D5E47D00B3B6FD /* Products */;
			projectDirPath = "";
			projectRoot = "";
			targets = (
				0ABB762326D5E47D00B3B6FD /* JenkinsDemo */,
			);
		};
/* End PBXProject section */

/* Begin PBXResourcesBuildPhase section */
		0ABB762226D5E47D00B3B6FD /* Resources */ = {
			isa = PBXResourcesBuildPhase;
			buildActionMask = 2147483647;
			files = (
				0ABB763726D5E47F00B3B6FD /* LaunchScreen.storyboard in Resources */,
				0ABB763426D5E47F00B3B6FD /* Assets.xcassets in Resources */,
				0ABB763226D5E47D00B3B6FD /* Main.storyboard in Resources */,
			);
			runOnlyForDeploymentPostprocessing = 0;
		};
/* End PBXResourcesBuildPhase section */

/* Begin PBXShellScriptBuildPhase section */
		79007611EFAC15DFC98BF5E0 /* [CP] Check Pods Manifest.lock */ = {
			isa = PBXShellScriptBuildPhase;
			buildActionMask = 2147483647;
			files = (
			);
			inputFileListPaths = (
			);
			inputPaths = (
				"${PODS_PODFILE_DIR_PATH}/Podfile.lock",
				"${PODS_ROOT}/Manifest.lock",
			);
			name = "[CP] Check Pods Manifest.lock";
			outputFileListPaths = (
			);
			outputPaths = (
				"$(DERIVED_FILE_DIR)/Pods-JenkinsDemo-checkManifestLockResult.txt",
			);
			runOnlyForDeploymentPostprocessing = 0;
			shellPath = /bin/sh;
			shellScript = "diff \"${PODS_PODFILE_DIR_PATH}/Podfile.lock\" \"${PODS_ROOT}/Manifest.lock\" > /dev/null\nif [ $? != 0 ] ; then\n    # print error to STDERR\n    echo \"error: The sandbox is not in sync with the Podfile.lock. Run 'pod install' or update your CocoaPods installation.\" >&2\n    exit 1\nfi\n# This output is used by Xcode 'outputs' to avoid re-running this script phase.\necho \"SUCCESS\" > \"${SCRIPT_OUTPUT_FILE_0}\"\n";
			showEnvVarsInLog = 0;
		};
/* End PBXShellScriptBuildPhase section */

/* Begin PBXSourcesBuildPhase section */
		0ABB762026D5E47D00B3B6FD /* Sources */ = {
			isa = PBXSourcesBuildPhase;
			buildActionMask = 2147483647;
			files = (
				0ABB762F26D5E47D00B3B6FD /* ViewController.m in Sources */,
				0ABB762926D5E47D00B3B6FD /* AppDelegate.m in Sources */,
				0ABB763A26D5E47F00B3B6FD /* main.m in Sources */,
				0ABB762C26D5E47D00B3B6FD /* SceneDelegate.m in Sources */,
			);
			runOnlyForDeploymentPostprocessing = 0;
		};
/* End PBXSourcesBuildPhase section */

/* Begin PBXVariantGroup section */
		0ABB763026D5E47D00B3B6FD /* Main.storyboard */ = {
			isa = PBXVariantGroup;
			children = (
				0ABB763126D5E47D00B3B6FD /* Base */,
			);
			name = Main.storyboard;
			sourceTree = "<group>";
		};
		0ABB763526D5E47F00B3B6FD /* LaunchScreen.storyboard */ = {
			isa = PBXVariantGroup;
			children = (
				0ABB763626D5E47F00B3B6FD /* Base */,
			);
			name = LaunchScreen.storyboard;
			sourceTree = "<group>";
		};
/* End PBXVariantGroup section */

/* Begin XCBuildConfiguration section */
		0ABB763B26D5E47F00B3B6FD /* Debug */ = {
			isa = XCBuildConfiguration;
			buildSettings = {
				ALWAYS_SEARCH_USER_PATHS = NO;
				CLANG_ANALYZER_NONNULL = YES;
				CLANG_ANALYZER_NUMBER_OBJECT_CONVERSION = YES_AGGRESSIVE;
				CLANG_CXX_LANGUAGE_STANDARD = "gnu++14";
				CLANG_CXX_LIBRARY = "libc++";
				CLANG_ENABLE_MODULES = YES;
				CLANG_ENABLE_OBJC_ARC = YES;
				CLANG_ENABLE_OBJC_WEAK = YES;
				CLANG_WARN_BLOCK_CAPTURE_AUTORELEASING = YES;
				CLANG_WARN_BOOL_CONVERSION = YES;
				CLANG_WARN_COMMA = YES;
				CLANG_WARN_CONSTANT_CONVERSION = YES;
				CLANG_WARN_DEPRECATED_OBJC_IMPLEMENTATIONS = YES;
				CLANG_WARN_DIRECT_OBJC_ISA_USAGE = YES_ERROR;
				CLANG_WARN_DOCUMENTATION_COMMENTS = YES;
				CLANG_WARN_EMPTY_BODY = YES;
				CLANG_WARN_ENUM_CONVERSION = YES;
				CLANG_WARN_INFINITE_RECURSION = YES;
				CLANG_WARN_INT_CONVERSION = YES;
				CLANG_WARN_NON_LITERAL_NULL_CONVERSION = YES;
				CLANG_WARN_OBJC_IMPLICIT_RETAIN_SELF = YES;
				CLANG_WARN_OBJC_LITERAL_CONVERSION = YES;
				CLANG_WARN_OBJC_ROOT_CLASS = YES_ERROR;
				CLANG_WARN_QUOTED_INCLUDE_IN_FRAMEWORK_HEADER = YES;
				CLANG_WARN_RANGE_LOOP_ANALYSIS = YES;
				CLANG_WARN_STRICT_PROTOTYPES = YES;
				CLANG_WARN_SUSPICIOUS_MOVE = YES;
				CLANG_WARN_UNGUARDED_AVAILABILITY = YES_AGGRESSIVE;
				CLANG_WARN_UNREACHABLE_CODE = YES;
				CLANG_WARN__DUPLICATE_METHOD_MATCH = YES;
				COPY_PHASE_STRIP = NO;
				DEBUG_INFORMATION_FORMAT = dwarf;
				ENABLE_STRICT_OBJC_MSGSEND = YES;
				ENABLE_TESTABILITY = YES;
				GCC_C_LANGUAGE_STANDARD = gnu11;
				GCC_DYNAMIC_NO_PIC = NO;
				GCC_NO_COMMON_BLOCKS = YES;
				GCC_OPTIMIZATION_LEVEL = 0;
				GCC_PREPROCESSOR_DEFINITIONS = (
					"DEBUG=1",
					"$(inherited)",
				);
				GCC_WARN_64_TO_32_BIT_CONVERSION = YES;
				GCC_WARN_ABOUT_RETURN_TYPE = YES_ERROR;
				GCC_WARN_UNDECLARED_SELECTOR = YES;
				GCC_WARN_UNINITIALIZED_AUTOS = YES_AGGRESSIVE;
				GCC_WARN_UNUSED_FUNCTION = YES;
				GCC_WARN_UNUSED_VARIABLE = YES;
				IPHONEOS_DEPLOYMENT_TARGET = 14.4;
				MTL_ENABLE_DEBUG_INFO = INCLUDE_SOURCE;
				MTL_FAST_MATH = YES;
				ONLY_ACTIVE_ARCH = YES;
				SDKROOT = iphoneos;
			};
			name = Debug;
		};
		0ABB763C26D5E47F00B3B6FD /* Release */ = {
			isa = XCBuildConfiguration;
			buildSettings = {
				ALWAYS_SEARCH_USER_PATHS = NO;
				CLANG_ANALYZER_NONNULL = YES;
				CLANG_ANALYZER_NUMBER_OBJECT_CONVERSION = YES_AGGRESSIVE;
				CLANG_CXX_LANGUAGE_STANDARD = "gnu++14";
				CLANG_CXX_LIBRARY = "libc++";
				CLANG_ENABLE_MODULES = YES;
				CLANG_ENABLE_OBJC_ARC = YES;
				CLANG_ENABLE_OBJC_WEAK = YES;
				CLANG_WARN_BLOCK_CAPTURE_AUTORELEASING = YES;
				CLANG_WARN_BOOL_CONVERSION = YES;
				CLANG_WARN_COMMA = YES;
				CLANG_WARN_CONSTANT_CONVERSION = YES;
				CLANG_WARN_DEPRECATED_OBJC_IMPLEMENTATIONS = YES;
				CLANG_WARN_DIRECT_OBJC_ISA_USAGE = YES_ERROR;
				CLANG_WARN_DOCUMENTATION_COMMENTS = YES;
				CLANG_WARN_EMPTY_BODY = YES;
				CLANG_WARN_ENUM_CONVERSION = YES;
				CLANG_WARN_INFINITE_RECURSION = YES;
				CLANG_WARN_INT_CONVERSION = YES;
				CLANG_WARN_NON_LITERAL_NULL_CONVERSION = YES;
				CLANG_WARN_OBJC_IMPLICIT_RETAIN_SELF = YES;
				CLANG_WARN_OBJC_LITERAL_CONVERSION = YES;
				CLANG_WARN_OBJC_ROOT_CLASS = YES_ERROR;
				CLANG_WARN_QUOTED_INCLUDE_IN_FRAMEWORK_HEADER = YES;
				CLANG_WARN_RANGE_LOOP_ANALYSIS = YES;
				CLANG_WARN_STRICT_PROTOTYPES = YES;
				CLANG_WARN_SUSPICIOUS_MOVE = YES;
				CLANG_WARN_UNGUARDED_AVAILABILITY = YES_AGGRESSIVE;
				CLANG_WARN_UNREACHABLE_CODE = YES;
				CLANG_WARN__DUPLICATE_METHOD_MATCH = YES;
				COPY_PHASE_STRIP = NO;
				DEBUG_INFORMATION_FORMAT = "dwarf-with-dsym";
				ENABLE_NS_ASSERTIONS = NO;
				ENABLE_STRICT_OBJC_MSGSEND = YES;
				GCC_C_LANGUAGE_STANDARD = gnu11;
				GCC_NO_COMMON_BLOCKS = YES;
				GCC_WARN_64_TO_32_BIT_CONVERSION = YES;
				GCC_WARN_ABOUT_RETURN_TYPE = YES_ERROR;
				GCC_WARN_UNDECLARED_SELECTOR = YES;
				GCC_WARN_UNINITIALIZED_AUTOS = YES_AGGRESSIVE;
				GCC_WARN_UNUSED_FUNCTION = YES;
				GCC_WARN_UNUSED_VARIABLE = YES;
				IPHONEOS_DEPLOYMENT_TARGET = 14.4;
				MTL_ENABLE_DEBUG_INFO = NO;
				MTL_FAST_MATH = YES;
				SDKROOT = iphoneos;
				VALIDATE_PRODUCT = YES;
			};
			name = Release;
		};
		0ABB763E26D5E47F00B3B6FD /* Debug */ = {
			isa = XCBuildConfiguration;
			baseConfigurationReference = 557CD7D8714D30B89C92A0CD /* Pods-JenkinsDemo.debug.xcconfig */;
			buildSettings = {
				ASSETCATALOG_COMPILER_APPICON_NAME = AppIcon;
				ASSETCATALOG_COMPILER_GLOBAL_ACCENT_COLOR_NAME = AccentColor;
				CODE_SIGN_STYLE = Automatic;
				DEVELOPMENT_TEAM = 2RMT6QS2FJ;
				INFOPLIST_FILE = JenkinsDemo/Info.plist;
				LD_RUNPATH_SEARCH_PATHS = (
					"$(inherited)",
					"@executable_path/Frameworks",
				);
				PRODUCT_BUNDLE_IDENTIFIER = com.didi.a.JenkinsDemo;
				PRODUCT_NAME = "$(TARGET_NAME)";
				TARGETED_DEVICE_FAMILY = "1,2";
			};
			name = Debug;
		};
		0ABB763F26D5E47F00B3B6FD /* Release */ = {
			isa = XCBuildConfiguration;
			baseConfigurationReference = 20DCEABEC5A9ACAEA818506C /* Pods-JenkinsDemo.release.xcconfig */;
			buildSettings = {
				ASSETCATALOG_COMPILER_APPICON_NAME = AppIcon;
				ASSETCATALOG_COMPILER_GLOBAL_ACCENT_COLOR_NAME = AccentColor;
				CODE_SIGN_STYLE = Automatic;
				DEVELOPMENT_TEAM = 2RMT6QS2FJ;
				INFOPLIST_FILE = JenkinsDemo/Info.plist;
				LD_RUNPATH_SEARCH_PATHS = (
					"$(inherited)",
					"@executable_path/Frameworks",
				);
				PRODUCT_BUNDLE_IDENTIFIER = com.didi.a.JenkinsDemo;
				PRODUCT_NAME = "$(TARGET_NAME)";
				TARGETED_DEVICE_FAMILY = "1,2";
			};
			name = Release;
		};
/* End XCBuildConfiguration section */

/* Begin XCConfigurationList section */
		0ABB761F26D5E47D00B3B6FD /* Build configuration list for PBXProject "JenkinsDemo" */ = {
			isa = XCConfigurationList;
			buildConfigurations = (
				0ABB763B26D5E47F00B3B6FD /* Debug */,
				0ABB763C26D5E47F00B3B6FD /* Release */,
			);
			defaultConfigurationIsVisible = 0;
			defaultConfigurationName = Release;
		};
		0ABB763D26D5E47F00B3B6FD /* Build configuration list for PBXNativeTarget "JenkinsDemo" */ = {
			isa = XCConfigurationList;
			buildConfigurations = (
				0ABB763E26D5E47F00B3B6FD /* Debug */,
				0ABB763F26D5E47F00B3B6FD /* Release */,
			);
			defaultConfigurationIsVisible = 0;
			defaultConfigurationName = Release;
		};
/* End XCConfigurationList section */
	};
	rootObject = 0ABB761C26D5E47D00B3B6FD /* Project object */;
}
